
Microsoft Visual Studio Solution File, Format Version 12.00
# Visual Studio 2013
VisualStudioVersion = 12.0.30501.0
MinimumVisualStudioVersion = 10.0.40219.1
Project("{FAE04EC0-301F-11D3-BF4B-00C04F79EFBC}") = "RavenCodestock", "RavenCodestock\RavenCodestock.csproj", "{27D3124E-9794-41F0-9C0E-93AF78A9A051}"
EndProject
Project("{2150E333-8FDC-42A3-9474-1A3956D46DE8}") = ".nuget", ".nuget", "{6A53BED6-5D45-48D3-8AE5-C5E79F456375}"
	ProjectSection(SolutionItems) = preProject
		.nuget\packages.config = .nuget\packages.config
	EndProjectSection
EndProject
Project("{FAE04EC0-301F-11D3-BF4B-00C04F79EFBC}") = "Demo.Models", "..\RavenDB Intro\Code\Demo.Models\Demo.Models\Demo.Models.csproj", "{D92902E0-C2E2-4417-A8D3-9BD9C32D93DC}"
EndProject
Global
	GlobalSection(SolutionConfigurationPlatforms) = preSolution
		Debug|Any CPU = Debug|Any CPU
		Release|Any CPU = Release|Any CPU
	EndGlobalSection
	GlobalSection(ProjectConfigurationPlatforms) = postSolution
		{27D3124E-9794-41F0-9C0E-93AF78A9A051}.Debug|Any CPU.ActiveCfg = Debug|Any CPU
		{27D3124E-9794-41F0-9C0E-93AF78A9A051}.Debug|Any CPU.Build.0 = Debug|Any CPU
		{27D3124E-9794-41F0-9C0E-93AF78A9A051}.Release|Any CPU.ActiveCfg = Release|Any CPU
		{27D3124E-9794-41F0-9C0E-93AF78A9A051}.Release|Any CPU.Build.0 = Release|Any CPU
		{D92902E0-C2E2-4417-A8D3-9BD9C32D93DC}.Debug|Any CPU.ActiveCfg = Debug|Any CPU
		{D92902E0-C2E2-4417-A8D3-9BD9C32D93DC}.Debug|Any CPU.Build.0 = Debug|Any CPU
		{D92902E0-C2E2-4417-A8D3-9BD9C32D93DC}.Release|Any CPU.ActiveCfg = Release|Any CPU
		{D92902E0-C2E2-4417-A8D3-9BD9C32D93DC}.Release|Any CPU.Build.0 = Release|Any CPU
	EndGlobalSection
	GlobalSection(SolutionProperties) = preSolution
		HideSolutionNode = FALSE
	EndGlobalSection
EndGlobal
